
Microsoft Visual Studio Solution File, Format Version 12.00
# Visual Studio Version 17
VisualStudioVersion = 17.9.34622.214
MinimumVisualStudioVersion = 10.0.40219.1
Project("{FAE04EC0-301F-11D3-BF4B-00C04F79EFBC}") = "SweetHomeToArrAsset", "SweetHomeToArrAsset.csproj", "{5190FC2C-A61C-4C0F-BFB4-242F5C4EAFE0}"
EndProject
Global
	GlobalSection(SolutionConfigurationPlatforms) = preSolution
		Debug|Any CPU = Debug|Any CPU
		Release|Any CPU = Release|Any CPU
	EndGlobalSection
	GlobalSection(ProjectConfigurationPlatforms) = postSolution
		{5190FC2C-A61C-4C0F-BFB4-242F5C4EAFE0}.Debug|Any CPU.ActiveCfg = Debug|Any CPU
		{5190FC2C-A61C-4C0F-BFB4-242F5C4EAFE0}.Debug|Any CPU.Build.0 = Debug|Any CPU
		{5190FC2C-A61C-4C0F-BFB4-242F5C4EAFE0}.Release|Any CPU.ActiveCfg = Release|Any CPU
		{5190FC2C-A61C-4C0F-BFB4-242F5C4EAFE0}.Release|Any CPU.Build.0 = Release|Any CPU
	EndGlobalSection
	GlobalSection(SolutionProperties) = preSolution
		HideSolutionNode = FALSE
	EndGlobalSection
	GlobalSection(ExtensibilityGlobals) = postSolution
		SolutionGuid = {E283EE73-F6EA-489A-8E34-78E3ED2ACEFA}
	EndGlobalSection
EndGlobal
